
Microsoft Visual Studio Solution File, Format Version 12.00
# Visual Studio 2012
Project("{FAE04EC0-301F-11D3-BF4B-00C04F79EFBC}") = "WpfApplication1", "WpfApplication1\WpfApplication1.csproj", "{5C0B2662-964F-47A8-A3D6-5E067D38D013}"
EndProject
Project("{2150E333-8FDC-42A3-9474-1A3956D46DE8}") = ".Documentation", ".Documentation", "{0EA68E19-BC06-4A84-854F-9E3FEC9FF4B4}"
	ProjectSection(SolutionItems) = preProject
		HotelApp - Service Architecture.ppt = HotelApp - Service Architecture.ppt
		HotelApp - Use Case Activity Diagrams.vdw = HotelApp - Use Case Activity Diagrams.vdw
	EndProjectSection
EndProject
Project("{2150E333-8FDC-42A3-9474-1A3956D46DE8}") = ".Common", ".Common", "{0EAAA520-CE82-450D-85BB-3382E4E58FC6}"
EndProject
Project("{FAE04EC0-301F-11D3-BF4B-00C04F79EFBC}") = "ServiceModelEx", "ServiceModelEx\3.0.0.0\NoServiceBus\ServiceModelEx.csproj", "{0858C710-AF53-4049-B98E-CFE3638D1228}"
EndProject
Project("{FAE04EC0-301F-11D3-BF4B-00C04F79EFBC}") = "RoomAccess.Services", "RoomAccess.Service\RoomAccess.Services.csproj", "{15B3E0D2-6217-493A-A690-158C497F5318}"
EndProject
Project("{FAE04EC0-301F-11D3-BF4B-00C04F79EFBC}") = "RoomAccess.Tests", "RoomAccess.Tests\RoomAccess.Tests.csproj", "{F2A61459-8524-4351-9E36-25F11F1D4A5D}"
EndProject
Project("{2150E333-8FDC-42A3-9474-1A3956D46DE8}") = "RoomAccess", "RoomAccess", "{0FCBC8D0-8F1D-424F-B873-B9F55DEBF11A}"
EndProject
Project("{FAE04EC0-301F-11D3-BF4B-00C04F79EFBC}") = "ReservingEngine.Services", "ReservingEngine\ReservingEngine.Services.csproj", "{D6465171-E0DE-4C24-AEAE-76F7A15359EA}"
EndProject
Project("{FAE04EC0-301F-11D3-BF4B-00C04F79EFBC}") = "IocContainer", "IocContainer\IocContainer.csproj", "{89E3A50F-A4BC-4D0B-8A3B-1E22C80799EF}"
EndProject
Project("{2150E333-8FDC-42A3-9474-1A3956D46DE8}") = "ReservingEngine", "ReservingEngine", "{1D7D2886-6D70-4C63-89E6-38C7B53E377E}"
EndProject
Project("{FAE04EC0-301F-11D3-BF4B-00C04F79EFBC}") = "ReservingEngine.Tests", "ReservingEngine.Tests\ReservingEngine.Tests.csproj", "{70C3DE57-E929-4DE0-A9B9-5B780066470D}"
EndProject
Project("{2150E333-8FDC-42A3-9474-1A3956D46DE8}") = "OccupancyManager", "OccupancyManager", "{CE063892-4199-4BEB-88A5-4B01A4162701}"
EndProject
Project("{FAE04EC0-301F-11D3-BF4B-00C04F79EFBC}") = "OccupancyManager_Wpf.Services", "OccupancyManager\OccupancyManager_Wpf.Services.csproj", "{386059BE-2A8F-41CB-AC30-04E137C3CD65}"
EndProject
Project("{FAE04EC0-301F-11D3-BF4B-00C04F79EFBC}") = "OccupancyManager_Wpf.Tests", "OccupancyManager.Tests\OccupancyManager_Wpf.Tests.csproj", "{AD094D6A-6A48-4383-A880-CFC794C5BCAC}"
EndProject
Global
	GlobalSection(SolutionConfigurationPlatforms) = preSolution
		Debug|Any CPU = Debug|Any CPU
		Design|Any CPU = Design|Any CPU
		Dev|Any CPU = Dev|Any CPU
		Release|Any CPU = Release|Any CPU
	EndGlobalSection
	GlobalSection(ProjectConfigurationPlatforms) = postSolution
		{5C0B2662-964F-47A8-A3D6-5E067D38D013}.Debug|Any CPU.ActiveCfg = Debug|Any CPU
		{5C0B2662-964F-47A8-A3D6-5E067D38D013}.Debug|Any CPU.Build.0 = Debug|Any CPU
		{5C0B2662-964F-47A8-A3D6-5E067D38D013}.Design|Any CPU.ActiveCfg = Debug|Any CPU
		{5C0B2662-964F-47A8-A3D6-5E067D38D013}.Design|Any CPU.Build.0 = Debug|Any CPU
		{5C0B2662-964F-47A8-A3D6-5E067D38D013}.Dev|Any CPU.ActiveCfg = Debug|Any CPU
		{5C0B2662-964F-47A8-A3D6-5E067D38D013}.Dev|Any CPU.Build.0 = Debug|Any CPU
		{5C0B2662-964F-47A8-A3D6-5E067D38D013}.Release|Any CPU.ActiveCfg = Release|Any CPU
		{5C0B2662-964F-47A8-A3D6-5E067D38D013}.Release|Any CPU.Build.0 = Release|Any CPU
		{0858C710-AF53-4049-B98E-CFE3638D1228}.Debug|Any CPU.ActiveCfg = Debug|Any CPU
		{0858C710-AF53-4049-B98E-CFE3638D1228}.Debug|Any CPU.Build.0 = Debug|Any CPU
		{0858C710-AF53-4049-B98E-CFE3638D1228}.Design|Any CPU.ActiveCfg = Design|Any CPU
		{0858C710-AF53-4049-B98E-CFE3638D1228}.Design|Any CPU.Build.0 = Design|Any CPU
		{0858C710-AF53-4049-B98E-CFE3638D1228}.Dev|Any CPU.ActiveCfg = Dev|Any CPU
		{0858C710-AF53-4049-B98E-CFE3638D1228}.Dev|Any CPU.Build.0 = Dev|Any CPU
		{0858C710-AF53-4049-B98E-CFE3638D1228}.Release|Any CPU.ActiveCfg = Release|Any CPU
		{0858C710-AF53-4049-B98E-CFE3638D1228}.Release|Any CPU.Build.0 = Release|Any CPU
		{15B3E0D2-6217-493A-A690-158C497F5318}.Debug|Any CPU.ActiveCfg = Debug|Any CPU
		{15B3E0D2-6217-493A-A690-158C497F5318}.Debug|Any CPU.Build.0 = Debug|Any CPU
		{15B3E0D2-6217-493A-A690-158C497F5318}.Design|Any CPU.ActiveCfg = Debug|Any CPU
		{15B3E0D2-6217-493A-A690-158C497F5318}.Design|Any CPU.Build.0 = Debug|Any CPU
		{15B3E0D2-6217-493A-A690-158C497F5318}.Dev|Any CPU.ActiveCfg = Debug|Any CPU
		{15B3E0D2-6217-493A-A690-158C497F5318}.Dev|Any CPU.Build.0 = Debug|Any CPU
		{15B3E0D2-6217-493A-A690-158C497F5318}.Release|Any CPU.ActiveCfg = Release|Any CPU
		{15B3E0D2-6217-493A-A690-158C497F5318}.Release|Any CPU.Build.0 = Release|Any CPU
		{F2A61459-8524-4351-9E36-25F11F1D4A5D}.Debug|Any CPU.ActiveCfg = Debug|Any CPU
		{F2A61459-8524-4351-9E36-25F11F1D4A5D}.Debug|Any CPU.Build.0 = Debug|Any CPU
		{F2A61459-8524-4351-9E36-25F11F1D4A5D}.Design|Any CPU.ActiveCfg = Debug|Any CPU
		{F2A61459-8524-4351-9E36-25F11F1D4A5D}.Design|Any CPU.Build.0 = Debug|Any CPU
		{F2A61459-8524-4351-9E36-25F11F1D4A5D}.Dev|Any CPU.ActiveCfg = Debug|Any CPU
		{F2A61459-8524-4351-9E36-25F11F1D4A5D}.Dev|Any CPU.Build.0 = Debug|Any CPU
		{F2A61459-8524-4351-9E36-25F11F1D4A5D}.Release|Any CPU.ActiveCfg = Release|Any CPU
		{F2A61459-8524-4351-9E36-25F11F1D4A5D}.Release|Any CPU.Build.0 = Release|Any CPU
		{D6465171-E0DE-4C24-AEAE-76F7A15359EA}.Debug|Any CPU.ActiveCfg = Debug|Any CPU
		{D6465171-E0DE-4C24-AEAE-76F7A15359EA}.Debug|Any CPU.Build.0 = Debug|Any CPU
		{D6465171-E0DE-4C24-AEAE-76F7A15359EA}.Design|Any CPU.ActiveCfg = Debug|Any CPU
		{D6465171-E0DE-4C24-AEAE-76F7A15359EA}.Design|Any CPU.Build.0 = Debug|Any CPU
		{D6465171-E0DE-4C24-AEAE-76F7A15359EA}.Dev|Any CPU.ActiveCfg = Debug|Any CPU
		{D6465171-E0DE-4C24-AEAE-76F7A15359EA}.Dev|Any CPU.Build.0 = Debug|Any CPU
		{D6465171-E0DE-4C24-AEAE-76F7A15359EA}.Release|Any CPU.ActiveCfg = Release|Any CPU
		{D6465171-E0DE-4C24-AEAE-76F7A15359EA}.Release|Any CPU.Build.0 = Release|Any CPU
		{89E3A50F-A4BC-4D0B-8A3B-1E22C80799EF}.Debug|Any CPU.ActiveCfg = Debug|Any CPU
		{89E3A50F-A4BC-4D0B-8A3B-1E22C80799EF}.Debug|Any CPU.Build.0 = Debug|Any CPU
		{89E3A50F-A4BC-4D0B-8A3B-1E22C80799EF}.Design|Any CPU.ActiveCfg = Debug|Any CPU
		{89E3A50F-A4BC-4D0B-8A3B-1E22C80799EF}.Design|Any CPU.Build.0 = Debug|Any CPU
		{89E3A50F-A4BC-4D0B-8A3B-1E22C80799EF}.Dev|Any CPU.ActiveCfg = Debug|Any CPU
		{89E3A50F-A4BC-4D0B-8A3B-1E22C80799EF}.Dev|Any CPU.Build.0 = Debug|Any CPU
		{89E3A50F-A4BC-4D0B-8A3B-1E22C80799EF}.Release|Any CPU.ActiveCfg = Release|Any CPU
		{89E3A50F-A4BC-4D0B-8A3B-1E22C80799EF}.Release|Any CPU.Build.0 = Release|Any CPU
		{70C3DE57-E929-4DE0-A9B9-5B780066470D}.Debug|Any CPU.ActiveCfg = Debug|Any CPU
		{70C3DE57-E929-4DE0-A9B9-5B780066470D}.Debug|Any CPU.Build.0 = Debug|Any CPU
		{70C3DE57-E929-4DE0-A9B9-5B780066470D}.Design|Any CPU.ActiveCfg = Debug|Any CPU
		{70C3DE57-E929-4DE0-A9B9-5B780066470D}.Design|Any CPU.Build.0 = Debug|Any CPU
		{70C3DE57-E929-4DE0-A9B9-5B780066470D}.Dev|Any CPU.ActiveCfg = Debug|Any CPU
		{70C3DE57-E929-4DE0-A9B9-5B780066470D}.Dev|Any CPU.Build.0 = Debug|Any CPU
		{70C3DE57-E929-4DE0-A9B9-5B780066470D}.Release|Any CPU.ActiveCfg = Release|Any CPU
		{70C3DE57-E929-4DE0-A9B9-5B780066470D}.Release|Any CPU.Build.0 = Release|Any CPU
		{386059BE-2A8F-41CB-AC30-04E137C3CD65}.Debug|Any CPU.ActiveCfg = Debug|Any CPU
		{386059BE-2A8F-41CB-AC30-04E137C3CD65}.Debug|Any CPU.Build.0 = Debug|Any CPU
		{386059BE-2A8F-41CB-AC30-04E137C3CD65}.Design|Any CPU.ActiveCfg = Debug|Any CPU
		{386059BE-2A8F-41CB-AC30-04E137C3CD65}.Design|Any CPU.Build.0 = Debug|Any CPU
		{386059BE-2A8F-41CB-AC30-04E137C3CD65}.Dev|Any CPU.ActiveCfg = Debug|Any CPU
		{386059BE-2A8F-41CB-AC30-04E137C3CD65}.Dev|Any CPU.Build.0 = Debug|Any CPU
		{386059BE-2A8F-41CB-AC30-04E137C3CD65}.Release|Any CPU.ActiveCfg = Release|Any CPU
		{386059BE-2A8F-41CB-AC30-04E137C3CD65}.Release|Any CPU.Build.0 = Release|Any CPU
		{AD094D6A-6A48-4383-A880-CFC794C5BCAC}.Debug|Any CPU.ActiveCfg = Debug|Any CPU
		{AD094D6A-6A48-4383-A880-CFC794C5BCAC}.Debug|Any CPU.Build.0 = Debug|Any CPU
		{AD094D6A-6A48-4383-A880-CFC794C5BCAC}.Design|Any CPU.ActiveCfg = Debug|Any CPU
		{AD094D6A-6A48-4383-A880-CFC794C5BCAC}.Design|Any CPU.Build.0 = Debug|Any CPU
		{AD094D6A-6A48-4383-A880-CFC794C5BCAC}.Dev|Any CPU.ActiveCfg = Debug|Any CPU
		{AD094D6A-6A48-4383-A880-CFC794C5BCAC}.Dev|Any CPU.Build.0 = Debug|Any CPU
		{AD094D6A-6A48-4383-A880-CFC794C5BCAC}.Release|Any CPU.ActiveCfg = Release|Any CPU
		{AD094D6A-6A48-4383-A880-CFC794C5BCAC}.Release|Any CPU.Build.0 = Release|Any CPU
	EndGlobalSection
	GlobalSection(SolutionProperties) = preSolution
		HideSolutionNode = FALSE
	EndGlobalSection
	GlobalSection(NestedProjects) = preSolution
		{0858C710-AF53-4049-B98E-CFE3638D1228} = {0EAAA520-CE82-450D-85BB-3382E4E58FC6}
		{89E3A50F-A4BC-4D0B-8A3B-1E22C80799EF} = {0EAAA520-CE82-450D-85BB-3382E4E58FC6}
		{F2A61459-8524-4351-9E36-25F11F1D4A5D} = {0FCBC8D0-8F1D-424F-B873-B9F55DEBF11A}
		{15B3E0D2-6217-493A-A690-158C497F5318} = {0FCBC8D0-8F1D-424F-B873-B9F55DEBF11A}
		{D6465171-E0DE-4C24-AEAE-76F7A15359EA} = {1D7D2886-6D70-4C63-89E6-38C7B53E377E}
		{70C3DE57-E929-4DE0-A9B9-5B780066470D} = {1D7D2886-6D70-4C63-89E6-38C7B53E377E}
		{386059BE-2A8F-41CB-AC30-04E137C3CD65} = {CE063892-4199-4BEB-88A5-4B01A4162701}
		{AD094D6A-6A48-4383-A880-CFC794C5BCAC} = {CE063892-4199-4BEB-88A5-4B01A4162701}
	EndGlobalSection
EndGlobal
